
Microsoft Visual Studio Solution File, Format Version 12.00
# Visual Studio Version 17
VisualStudioVersion = 17.14.36930.0 d17.14
MinimumVisualStudioVersion = 10.0.40219.1
Project("{FAE04EC0-301F-11D3-BF4B-00C04F79EFBC}") = "RaiditeServer", "RaiditeServer.csproj", "{6B43AB65-3735-4ACA-AA8C-849460F8939E}"
EndProject
Global
	GlobalSection(SolutionConfigurationPlatforms) = preSolution
		Debug|Any CPU = Debug|Any CPU
		Release|Any CPU = Release|Any CPU
	EndGlobalSection
	GlobalSection(ProjectConfigurationPlatforms) = postSolution
		{6B43AB65-3735-4ACA-AA8C-849460F8939E}.Debug|Any CPU.ActiveCfg = Debug|Any CPU
		{6B43AB65-3735-4ACA-AA8C-849460F8939E}.Debug|Any CPU.Build.0 = Debug|Any CPU
		{6B43AB65-3735-4ACA-AA8C-849460F8939E}.Release|Any CPU.ActiveCfg = Release|Any CPU
		{6B43AB65-3735-4ACA-AA8C-849460F8939E}.Release|Any CPU.Build.0 = Release|Any CPU
	EndGlobalSection
	GlobalSection(SolutionProperties) = preSolution
		HideSolutionNode = FALSE
	EndGlobalSection
	GlobalSection(ExtensibilityGlobals) = postSolution
		SolutionGuid = {8F135E38-3FFD-48BC-B3C5-06EB665ABE80}
	EndGlobalSection
EndGlobal
