
Microsoft Visual Studio Solution File, Format Version 12.00
# Visual Studio Version 17
VisualStudioVersion = 17.14.36603.0 d17.14
MinimumVisualStudioVersion = 10.0.40219.1
Project("{FAE04EC0-301F-11D3-BF4B-00C04F79EFBC}") = "labo6_serveur", "labo6_serveur.csproj", "{BCB426F7-F926-4D13-ACD3-6D7D039B3F4A}"
EndProject
Global
	GlobalSection(SolutionConfigurationPlatforms) = preSolution
		Debug|Any CPU = Debug|Any CPU
		Release|Any CPU = Release|Any CPU
	EndGlobalSection
	GlobalSection(ProjectConfigurationPlatforms) = postSolution
		{BCB426F7-F926-4D13-ACD3-6D7D039B3F4A}.Debug|Any CPU.ActiveCfg = Debug|Any CPU
		{BCB426F7-F926-4D13-ACD3-6D7D039B3F4A}.Debug|Any CPU.Build.0 = Debug|Any CPU
		{BCB426F7-F926-4D13-ACD3-6D7D039B3F4A}.Release|Any CPU.ActiveCfg = Release|Any CPU
		{BCB426F7-F926-4D13-ACD3-6D7D039B3F4A}.Release|Any CPU.Build.0 = Release|Any CPU
	EndGlobalSection
	GlobalSection(SolutionProperties) = preSolution
		HideSolutionNode = FALSE
	EndGlobalSection
	GlobalSection(ExtensibilityGlobals) = postSolution
		SolutionGuid = {8DB0C2E9-E82D-4D81-8522-790AB046682D}
	EndGlobalSection
EndGlobal
