
Microsoft Visual Studio Solution File, Format Version 12.00
# Visual Studio Version 17
VisualStudioVersion = 17.11.35303.130
MinimumVisualStudioVersion = 10.0.40219.1
Project("{FAE04EC0-301F-11D3-BF4B-00C04F79EFBC}") = "serveur16", "serveur16.csproj", "{AE2AFFF3-BC64-4F35-AD60-956907477994}"
EndProject
Global
	GlobalSection(SolutionConfigurationPlatforms) = preSolution
		Debug|Any CPU = Debug|Any CPU
		Release|Any CPU = Release|Any CPU
	EndGlobalSection
	GlobalSection(ProjectConfigurationPlatforms) = postSolution
		{AE2AFFF3-BC64-4F35-AD60-956907477994}.Debug|Any CPU.ActiveCfg = Debug|Any CPU
		{AE2AFFF3-BC64-4F35-AD60-956907477994}.Debug|Any CPU.Build.0 = Debug|Any CPU
		{AE2AFFF3-BC64-4F35-AD60-956907477994}.Release|Any CPU.ActiveCfg = Release|Any CPU
		{AE2AFFF3-BC64-4F35-AD60-956907477994}.Release|Any CPU.Build.0 = Release|Any CPU
	EndGlobalSection
	GlobalSection(SolutionProperties) = preSolution
		HideSolutionNode = FALSE
	EndGlobalSection
	GlobalSection(ExtensibilityGlobals) = postSolution
		SolutionGuid = {63C34F2C-36A3-414A-850B-1CE71EF6B234}
	EndGlobalSection
EndGlobal
